// !$*UTF8*$!
{
	archiveVersion = 1;
	classes = {
	};
	objectVersion = 77;
	objects = {

/* Begin PBXBuildFile section */
		50964E872DE85D4200564845 /* GoogleMobileAds in Frameworks */ = {isa = PBXBuildFile; productRef = 50964E862DE85D4200564845 /* GoogleMobileAds */; };
		50D8298A2D886BBD004B3545 /* GoogleSignIn in Frameworks */ = {isa = PBXBuildFile; productRef = 50D829892D886BBD004B3545 /* GoogleSignIn */; };
		50D8298C2D886BBD004B3545 /* GoogleSignInSwift in Frameworks */ = {isa = PBXBuildFile; productRef = 50D8298B2D886BBD004B3545 /* GoogleSignInSwift */; };
		50D82EE72D92C681004B3545 /* MSAL in Frameworks */ = {isa = PBXBuildFile; productRef = 50D82EE62D92C681004B3545 /* MSAL */; };
		50E000082DE9000000000008 /* CalendarWidget.appex in Embed App Extensions */ = {isa = PBXBuildFile; fileRef = 50E000012DE9000000000001 /* CalendarWidget.appex */; settings = {ATTRIBUTES = (RemoveHeadersOnCopy, ); }; };
/* End PBXBuildFile section */

/* Begin PBXContainerItemProxy section */
		50E0000A2DE900000000000A /* PBXContainerItemProxy */ = {
			isa = PBXContainerItemProxy;
			containerPortal = 50B212432D4111B800ABB8D3 /* Project object */;
			proxyType = 1;
			remoteGlobalIDString = 50E000042DE9000000000004;
			remoteInfo = CalendarWidget;
		};
/* End PBXContainerItemProxy section */

/* Begin PBXCopyFilesBuildPhase section */
		50E000092DE9000000000009 /* Embed App Extensions */ = {
			isa = PBXCopyFilesBuildPhase;
			buildActionMask = 2147483647;
			dstPath = "";
			dstSubfolderSpec = 13;
			files = (
				50E000082DE9000000000008 /* CalendarWidget.appex in Embed App Extensions */,
			);
			name = "Embed App Extensions";
			runOnlyForDeploymentPostprocessing = 0;
		};
/* End PBXCopyFilesBuildPhase section */

/* Begin PBXFileReference section */
		50D8281C2D80218F004B3545 /* Cloud Calendars for Google, Microsoft and iCloud.app */ = {isa = PBXFileReference; explicitFileType = wrapper.application; includeInIndex = 0; path = "Cloud Calendars for Google, Microsoft and iCloud.app"; sourceTree = BUILT_PRODUCTS_DIR; };
		50E000012DE9000000000001 /* CalendarWidget.appex */ = {isa = PBXFileReference; explicitFileType = "wrapper.app-extension"; includeInIndex = 0; path = CalendarWidget.appex; sourceTree = BUILT_PRODUCTS_DIR; };
/* End PBXFileReference section */

/* Begin PBXFileSystemSynchronizedBuildFileExceptionSet section */
		50D8298E2D886BF9004B3545 /* Exceptions for "Calendar" folder in "Cloud Calendars for Google, Microsoft and iCloud" target */ = {
			isa = PBXFileSystemSynchronizedBuildFileExceptionSet;
			membershipExceptions = (
				Info.plist,
			);
			target = 50B2124A2D4111B800ABB8D3 /* Cloud Calendars for Google, Microsoft and iCloud */;
		};
		50E000032DE9000000000003 /* Exceptions for "CalendarWidget" folder in "CalendarWidget" target */ = {
			isa = PBXFileSystemSynchronizedBuildFileExceptionSet;
			membershipExceptions = (
				Info.plist,
			);
			target = 50E000042DE9000000000004 /* CalendarWidget */;
		};
/* End PBXFileSystemSynchronizedBuildFileExceptionSet section */

/* Begin PBXFileSystemSynchronizedRootGroup section */
		50B2124D2D4111B800ABB8D3 /* Calendar */ = {
			isa = PBXFileSystemSynchronizedRootGroup;
			exceptions = (
				50D8298E2D886BF9004B3545 /* Exceptions for "Calendar" folder in "Cloud Calendars for Google, Microsoft and iCloud" target */,
			);
			path = Calendar;
			sourceTree = "<group>";
		};
		50E000022DE9000000000002 /* CalendarWidget */ = {
			isa = PBXFileSystemSynchronizedRootGroup;
			exceptions = (
				50E000032DE9000000000003 /* Exceptions for "CalendarWidget" folder in "CalendarWidget" target */,
			);
			path = CalendarWidget;
			sourceTree = "<group>";
		};
/* End PBXFileSystemSynchronizedRootGroup section */

/* Begin PBXFrameworksBuildPhase section */
		50B212482D4111B800ABB8D3 /* Frameworks */ = {
			isa = PBXFrameworksBuildPhase;
			buildActionMask = 2147483647;
			files = (
				50D8298C2D886BBD004B3545 /* GoogleSignInSwift in Frameworks */,
				50964E872DE85D4200564845 /* GoogleMobileAds in Frameworks */,
				50D82EE72D92C681004B3545 /* MSAL in Frameworks */,
				50D8298A2D886BBD004B3545 /* GoogleSignIn in Frameworks */,
			);
			runOnlyForDeploymentPostprocessing = 0;
		};
		50E000062DE9000000000006 /* Frameworks */ = {
			isa = PBXFrameworksBuildPhase;
			buildActionMask = 2147483647;
			files = (
			);
			runOnlyForDeploymentPostprocessing = 0;
		};
/* End PBXFrameworksBuildPhase section */

/* Begin PBXGroup section */
		504D17CF2D678413006E5D6E /* Frameworks */ = {
			isa = PBXGroup;
			children = (
			);
			name = Frameworks;
			sourceTree = "<group>";
		};
		50B212422D4111B800ABB8D3 = {
			isa = PBXGroup;
			children = (
				50B2124D2D4111B800ABB8D3 /* Calendar */,
				50E000022DE9000000000002 /* CalendarWidget */,
				504D17CF2D678413006E5D6E /* Frameworks */,
				50D8281C2D80218F004B3545 /* Cloud Calendars for Google, Microsoft and iCloud.app */,
				50E000012DE9000000000001 /* CalendarWidget.appex */,
			);
			sourceTree = "<group>";
		};
/* End PBXGroup section */

/* Begin PBXNativeTarget section */
		50B2124A2D4111B800ABB8D3 /* Cloud Calendars for Google, Microsoft and iCloud */ = {
			isa = PBXNativeTarget;
			buildConfigurationList = 50B212592D4111BA00ABB8D3 /* Build configuration list for PBXNativeTarget "Cloud Calendars for Google, Microsoft and iCloud" */;
			buildPhases = (
				50B212472D4111B800ABB8D3 /* Sources */,
				50B212482D4111B800ABB8D3 /* Frameworks */,
				50B212492D4111B800ABB8D3 /* Resources */,
				50E000092DE9000000000009 /* Embed App Extensions */,
			);
			buildRules = (
			);
			dependencies = (
				50E0000B2DE900000000000B /* PBXTargetDependency */,
			);
			fileSystemSynchronizedGroups = (
				50B2124D2D4111B800ABB8D3 /* Calendar */,
			);
			name = "Cloud Calendars for Google, Microsoft and iCloud";
			packageProductDependencies = (
				50D829892D886BBD004B3545 /* GoogleSignIn */,
				50D8298B2D886BBD004B3545 /* GoogleSignInSwift */,
				50D82EE62D92C681004B3545 /* MSAL */,
				50964E862DE85D4200564845 /* GoogleMobileAds */,
			);
			productName = Calendar;
			productReference = 50D8281C2D80218F004B3545 /* Cloud Calendars for Google, Microsoft and iCloud.app */;
			productType = "com.apple.product-type.application";
		};
		50E000042DE9000000000004 /* CalendarWidget */ = {
			isa = PBXNativeTarget;
			buildConfigurationList = 50E0000E2DE900000000000E /* Build configuration list for PBXNativeTarget "CalendarWidget" */;
			buildPhases = (
				50E000052DE9000000000005 /* Sources */,
				50E000062DE9000000000006 /* Frameworks */,
				50E000072DE9000000000007 /* Resources */,
			);
			buildRules = (
			);
			dependencies = (
			);
			fileSystemSynchronizedGroups = (
				50E000022DE9000000000002 /* CalendarWidget */,
			);
			name = CalendarWidget;
			packageProductDependencies = (
			);
			productName = CalendarWidget;
			productReference = 50E000012DE9000000000001 /* CalendarWidget.appex */;
			productType = "com.apple.product-type.app-extension";
		};
/* End PBXNativeTarget section */

/* Begin PBXProject section */
		50B212432D4111B800ABB8D3 /* Project object */ = {
			isa = PBXProject;
			attributes = {
				BuildIndependentTargetsInParallel = 1;
				LastSwiftUpdateCheck = 1620;
				LastUpgradeCheck = 1630;
				TargetAttributes = {
					50B2124A2D4111B800ABB8D3 = {
						CreatedOnToolsVersion = 16.2;
					};
					50E000042DE9000000000004 = {
						CreatedOnToolsVersion = 16.2;
					};
				};
			};
			buildConfigurationList = 50B212462D4111B800ABB8D3 /* Build configuration list for PBXProject "Cloud Calendars for Google, Microsoft and iCloud" */;
			developmentRegion = en;
			hasScannedForEncodings = 0;
			knownRegions = (
				en,
				Base,
				no,
				fr,
				ru,
				es,
				de,
				bg,
				it,
			);
			mainGroup = 50B212422D4111B800ABB8D3;
			minimizedProjectReferenceProxies = 1;
			packageReferences = (
				50D829882D886BBD004B3545 /* XCRemoteSwiftPackageReference "GoogleSignIn-iOS" */,
				50D82EE52D92C681004B3545 /* XCRemoteSwiftPackageReference "microsoft-authentication-library-for-objc" */,
				50964E852DE85D4200564845 /* XCRemoteSwiftPackageReference "swift-package-manager-google-mobile-ads" */,
			);
			preferredProjectObjectVersion = 77;
			productRefGroup = 50B212422D4111B800ABB8D3;
			projectDirPath = "";
			projectRoot = "";
			targets = (
				50B2124A2D4111B800ABB8D3 /* Cloud Calendars for Google, Microsoft and iCloud */,
				50E000042DE9000000000004 /* CalendarWidget */,
			);
		};
/* End PBXProject section */

/* Begin PBXResourcesBuildPhase section */
		50B212492D4111B800ABB8D3 /* Resources */ = {
			isa = PBXResourcesBuildPhase;
			buildActionMask = 2147483647;
			files = (
			);
			runOnlyForDeploymentPostprocessing = 0;
		};
		50E000072DE9000000000007 /* Resources */ = {
			isa = PBXResourcesBuildPhase;
			buildActionMask = 2147483647;
			files = (
			);
			runOnlyForDeploymentPostprocessing = 0;
		};
/* End PBXResourcesBuildPhase section */

/* Begin PBXSourcesBuildPhase section */
		50B212472D4111B800ABB8D3 /* Sources */ = {
			isa = PBXSourcesBuildPhase;
			buildActionMask = 2147483647;
			files = (
			);
			runOnlyForDeploymentPostprocessing = 0;
		};
		50E000052DE9000000000005 /* Sources */ = {
			isa = PBXSourcesBuildPhase;
			buildActionMask = 2147483647;
			files = (
			);
			runOnlyForDeploymentPostprocessing = 0;
		};
/* End PBXSourcesBuildPhase section */

/* Begin PBXTargetDependency section */
		50E0000B2DE900000000000B /* PBXTargetDependency */ = {
			isa = PBXTargetDependency;
			target = 50E000042DE9000000000004 /* CalendarWidget */;
			targetProxy = 50E0000A2DE900000000000A /* PBXContainerItemProxy */;
		};
/* End PBXTargetDependency section */

/* Begin XCBuildConfiguration section */
		50B212572D4111BA00ABB8D3 /* Debug */ = {
			isa = XCBuildConfiguration;
			buildSettings = {
				ALWAYS_SEARCH_USER_PATHS = NO;
				ASSETCATALOG_COMPILER_GENERATE_SWIFT_ASSET_SYMBOL_EXTENSIONS = YES;
				CLANG_ANALYZER_LOCALIZABILITY_NONLOCALIZED = YES;
				CLANG_ANALYZER_NONNULL = YES;
				CLANG_ANALYZER_NUMBER_OBJECT_CONVERSION = YES_AGGRESSIVE;
				CLANG_CXX_LANGUAGE_STANDARD = "gnu++20";
				CLANG_ENABLE_MODULES = YES;
				CLANG_ENABLE_OBJC_ARC = YES;
				CLANG_ENABLE_OBJC_WEAK = YES;
				CLANG_WARN_BLOCK_CAPTURE_AUTORELEASING = YES;
				CLANG_WARN_BOOL_CONVERSION = YES;
				CLANG_WARN_COMMA = YES;
				CLANG_WARN_CONSTANT_CONVERSION = YES;
				CLANG_WARN_DEPRECATED_OBJC_IMPLEMENTATIONS = YES;
				CLANG_WARN_DIRECT_OBJC_ISA_USAGE = YES_ERROR;
				CLANG_WARN_DOCUMENTATION_COMMENTS = YES;
				CLANG_WARN_EMPTY_BODY = YES;
				CLANG_WARN_ENUM_CONVERSION = YES;
				CLANG_WARN_INFINITE_RECURSION = YES;
				CLANG_WARN_INT_CONVERSION = YES;
				CLANG_WARN_NON_LITERAL_NULL_CONVERSION = YES;
				CLANG_WARN_OBJC_IMPLICIT_RETAIN_SELF = YES;
				CLANG_WARN_OBJC_LITERAL_CONVERSION = YES;
				CLANG_WARN_OBJC_ROOT_CLASS = YES_ERROR;
				CLANG_WARN_QUOTED_INCLUDE_IN_FRAMEWORK_HEADER = YES;
				CLANG_WARN_RANGE_LOOP_ANALYSIS = YES;
				CLANG_WARN_STRICT_PROTOTYPES = YES;
				CLANG_WARN_SUSPICIOUS_MOVE = YES;
				CLANG_WARN_UNGUARDED_AVAILABILITY = YES_AGGRESSIVE;
				CLANG_WARN_UNREACHABLE_CODE = YES;
				CLANG_WARN__DUPLICATE_METHOD_MATCH = YES;
				COPY_PHASE_STRIP = NO;
				DEBUG_INFORMATION_FORMAT = dwarf;
				DEVELOPMENT_TEAM = 8293TNMX6S;
				ENABLE_STRICT_OBJC_MSGSEND = YES;
				ENABLE_TESTABILITY = YES;
				ENABLE_USER_SCRIPT_SANDBOXING = YES;
				GCC_C_LANGUAGE_STANDARD = gnu17;
				GCC_DYNAMIC_NO_PIC = NO;
				GCC_NO_COMMON_BLOCKS = YES;
				GCC_OPTIMIZATION_LEVEL = 0;
				GCC_PREPROCESSOR_DEFINITIONS = (
					"DEBUG=1",
					"$(inherited)",
				);
				GCC_WARN_64_TO_32_BIT_CONVERSION = YES;
				GCC_WARN_ABOUT_RETURN_TYPE = YES_ERROR;
				GCC_WARN_UNDECLARED_SELECTOR = YES;
				GCC_WARN_UNINITIALIZED_AUTOS = YES_AGGRESSIVE;
				GCC_WARN_UNUSED_FUNCTION = YES;
				GCC_WARN_UNUSED_VARIABLE = YES;
				IPHONEOS_DEPLOYMENT_TARGET = 18.2;
				LOCALIZATION_PREFERS_STRING_CATALOGS = YES;
				MTL_ENABLE_DEBUG_INFO = INCLUDE_SOURCE;
				MTL_FAST_MATH = YES;
				ONLY_ACTIVE_ARCH = YES;
				SDKROOT = iphoneos;
				SWIFT_ACTIVE_COMPILATION_CONDITIONS = "DEBUG $(inherited)";
				SWIFT_OPTIMIZATION_LEVEL = "-Onone";
			};
			name = Debug;
		};
		50B212582D4111BA00ABB8D3 /* Release */ = {
			isa = XCBuildConfiguration;
			buildSettings = {
				ALWAYS_SEARCH_USER_PATHS = NO;
				ASSETCATALOG_COMPILER_GENERATE_SWIFT_ASSET_SYMBOL_EXTENSIONS = YES;
				CLANG_ANALYZER_LOCALIZABILITY_NONLOCALIZED = YES;
				CLANG_ANALYZER_NONNULL = YES;
				CLANG_ANALYZER_NUMBER_OBJECT_CONVERSION = YES_AGGRESSIVE;
				CLANG_CXX_LANGUAGE_STANDARD = "gnu++20";
				CLANG_ENABLE_MODULES = YES;
				CLANG_ENABLE_OBJC_ARC = YES;
				CLANG_ENABLE_OBJC_WEAK = YES;
				CLANG_WARN_BLOCK_CAPTURE_AUTORELEASING = YES;
				CLANG_WARN_BOOL_CONVERSION = YES;
				CLANG_WARN_COMMA = YES;
				CLANG_WARN_CONSTANT_CONVERSION = YES;
				CLANG_WARN_DEPRECATED_OBJC_IMPLEMENTATIONS = YES;
				CLANG_WARN_DIRECT_OBJC_ISA_USAGE = YES_ERROR;
				CLANG_WARN_DOCUMENTATION_COMMENTS = YES;
				CLANG_WARN_EMPTY_BODY = YES;
				CLANG_WARN_ENUM_CONVERSION = YES;
				CLANG_WARN_INFINITE_RECURSION = YES;
				CLANG_WARN_INT_CONVERSION = YES;
				CLANG_WARN_NON_LITERAL_NULL_CONVERSION = YES;
				CLANG_WARN_OBJC_IMPLICIT_RETAIN_SELF = YES;
				CLANG_WARN_OBJC_LITERAL_CONVERSION = YES;
				CLANG_WARN_OBJC_ROOT_CLASS = YES_ERROR;
				CLANG_WARN_QUOTED_INCLUDE_IN_FRAMEWORK_HEADER = YES;
				CLANG_WARN_RANGE_LOOP_ANALYSIS = YES;
				CLANG_WARN_STRICT_PROTOTYPES = YES;
				CLANG_WARN_SUSPICIOUS_MOVE = YES;
				CLANG_WARN_UNGUARDED_AVAILABILITY = YES_AGGRESSIVE;
				CLANG_WARN_UNREACHABLE_CODE = YES;
				CLANG_WARN__DUPLICATE_METHOD_MATCH = YES;
				COPY_PHASE_STRIP = NO;
				DEBUG_INFORMATION_FORMAT = "dwarf-with-dsym";
				DEVELOPMENT_TEAM = 8293TNMX6S;
				ENABLE_NS_ASSERTIONS = NO;
				ENABLE_STRICT_OBJC_MSGSEND = YES;
				ENABLE_USER_SCRIPT_SANDBOXING = YES;
				GCC_C_LANGUAGE_STANDARD = gnu17;
				GCC_NO_COMMON_BLOCKS = YES;
				GCC_WARN_64_TO_32_BIT_CONVERSION = YES;
				GCC_WARN_ABOUT_RETURN_TYPE = YES_ERROR;
				GCC_WARN_UNDECLARED_SELECTOR = YES;
				GCC_WARN_UNINITIALIZED_AUTOS = YES_AGGRESSIVE;
				GCC_WARN_UNUSED_FUNCTION = YES;
				GCC_WARN_UNUSED_VARIABLE = YES;
				IPHONEOS_DEPLOYMENT_TARGET = 18.2;
				LOCALIZATION_PREFERS_STRING_CATALOGS = YES;
				MTL_ENABLE_DEBUG_INFO = NO;
				MTL_FAST_MATH = YES;
				SDKROOT = iphoneos;
				SWIFT_COMPILATION_MODE = wholemodule;
				VALIDATE_PRODUCT = YES;
			};
			name = Release;
		};
		50B2125A2D4111BA00ABB8D3 /* Debug */ = {
			isa = XCBuildConfiguration;
			buildSettings = {
				ASSETCATALOG_COMPILER_APPICON_NAME = AppIcon;
				ASSETCATALOG_COMPILER_GLOBAL_ACCENT_COLOR_NAME = AccentColor;
				CODE_SIGN_ENTITLEMENTS = Calendar/Calendar.entitlements;
				CODE_SIGN_STYLE = Automatic;
				CURRENT_PROJECT_VERSION = 1;
				DEVELOPMENT_ASSET_PATHS = "\"Calendar/Preview Content\"";
				ENABLE_PREVIEWS = YES;
				GENERATE_INFOPLIST_FILE = YES;
				INFOPLIST_FILE = Calendar/Info.plist;
				INFOPLIST_KEY_CFBundleDisplayName = "Cloud Calendars";
				INFOPLIST_KEY_LSApplicationCategoryType = "public.app-category.productivity";
				INFOPLIST_KEY_NSCalendarsUsageDescription = asd;
				INFOPLIST_KEY_NSContactsUsageDescription = "Това приложение се нуждае от достъп до контактите, за да може да ...";
				INFOPLIST_KEY_NSLocationAlwaysAndWhenInUseUsageDescription = "ARTE Calendar се нуждае от местоположението ви във фонов режим, за да актуализира напомняния, базирани на геозона.";
				INFOPLIST_KEY_NSLocationWhenInUseUsageDescription = "ARTE Calendar използва вашето местоположение, за да показва локални събития и изгрев/залез за текущата ви позиция.";
				INFOPLIST_KEY_UIApplicationSceneManifest_Generation = YES;
				INFOPLIST_KEY_UIApplicationSupportsIndirectInputEvents = YES;
				INFOPLIST_KEY_UILaunchScreen_Generation = NO;
				INFOPLIST_KEY_UILaunchStoryboardName = LaunchScreen;
				INFOPLIST_KEY_UIStatusBarStyle = "";
				INFOPLIST_KEY_UISupportedInterfaceOrientations_iPad = "UIInterfaceOrientationPortrait UIInterfaceOrientationPortraitUpsideDown UIInterfaceOrientationLandscapeLeft UIInterfaceOrientationLandscapeRight";
				INFOPLIST_KEY_UISupportedInterfaceOrientations_iPhone = "UIInterfaceOrientationPortrait UIInterfaceOrientationLandscapeLeft UIInterfaceOrientationLandscapeRight";
				IPHONEOS_DEPLOYMENT_TARGET = 18.0;
				LD_RUNPATH_SEARCH_PATHS = (
					"$(inherited)",
					"@executable_path/Frameworks",
				);
				MARKETING_VERSION = 1.5.7;
				PRODUCT_BUNDLE_IDENTIFIER = Deksan.CalendarASD;
				PRODUCT_NAME = "$(TARGET_NAME)";
				SUPPORTED_PLATFORMS = "iphoneos iphonesimulator";
				SUPPORTS_MACCATALYST = NO;
				SUPPORTS_MAC_DESIGNED_FOR_IPHONE_IPAD = NO;
				SUPPORTS_XR_DESIGNED_FOR_IPHONE_IPAD = NO;
				SWIFT_EMIT_LOC_STRINGS = YES;
				SWIFT_VERSION = 6.0;
				TARGETED_DEVICE_FAMILY = "1,2";
			};
			name = Debug;
		};
		50B2125B2D4111BA00ABB8D3 /* Release */ = {
			isa = XCBuildConfiguration;
			buildSettings = {
				ASSETCATALOG_COMPILER_APPICON_NAME = AppIcon;
				ASSETCATALOG_COMPILER_GLOBAL_ACCENT_COLOR_NAME = AccentColor;
				CODE_SIGN_ENTITLEMENTS = Calendar/Calendar.entitlements;
				CODE_SIGN_STYLE = Automatic;
				CURRENT_PROJECT_VERSION = 1;
				DEVELOPMENT_ASSET_PATHS = "\"Calendar/Preview Content\"";
				ENABLE_PREVIEWS = YES;
				GENERATE_INFOPLIST_FILE = YES;
				INFOPLIST_FILE = Calendar/Info.plist;
				INFOPLIST_KEY_CFBundleDisplayName = "Cloud Calendars";
				INFOPLIST_KEY_LSApplicationCategoryType = "public.app-category.productivity";
				INFOPLIST_KEY_NSCalendarsUsageDescription = asd;
				INFOPLIST_KEY_NSContactsUsageDescription = "Това приложение се нуждае от достъп до контактите, за да може да ...";
				INFOPLIST_KEY_NSLocationAlwaysAndWhenInUseUsageDescription = "ARTE Calendar се нуждае от местоположението ви във фонов режим, за да актуализира напомняния, базирани на геозона.";
				INFOPLIST_KEY_NSLocationWhenInUseUsageDescription = "ARTE Calendar използва вашето местоположение, за да показва локални събития и изгрев/залез за текущата ви позиция.";
				INFOPLIST_KEY_UIApplicationSceneManifest_Generation = YES;
				INFOPLIST_KEY_UIApplicationSupportsIndirectInputEvents = YES;
				INFOPLIST_KEY_UILaunchScreen_Generation = NO;
				INFOPLIST_KEY_UILaunchStoryboardName = LaunchScreen;
				INFOPLIST_KEY_UIStatusBarStyle = "";
				INFOPLIST_KEY_UISupportedInterfaceOrientations_iPad = "UIInterfaceOrientationPortrait UIInterfaceOrientationPortraitUpsideDown UIInterfaceOrientationLandscapeLeft UIInterfaceOrientationLandscapeRight";
				INFOPLIST_KEY_UISupportedInterfaceOrientations_iPhone = "UIInterfaceOrientationPortrait UIInterfaceOrientationLandscapeLeft UIInterfaceOrientationLandscapeRight";
				IPHONEOS_DEPLOYMENT_TARGET = 18.0;
				LD_RUNPATH_SEARCH_PATHS = (
					"$(inherited)",
					"@executable_path/Frameworks",
				);
				MARKETING_VERSION = 1.5.7;
				PRODUCT_BUNDLE_IDENTIFIER = Deksan.CalendarASD;
				PRODUCT_NAME = "$(TARGET_NAME)";
				SUPPORTED_PLATFORMS = "iphoneos iphonesimulator";
				SUPPORTS_MACCATALYST = NO;
				SUPPORTS_MAC_DESIGNED_FOR_IPHONE_IPAD = NO;
				SUPPORTS_XR_DESIGNED_FOR_IPHONE_IPAD = NO;
				SWIFT_EMIT_LOC_STRINGS = YES;
				SWIFT_VERSION = 6.0;
				TARGETED_DEVICE_FAMILY = "1,2";
			};
			name = Release;
		};
		50E0000C2DE900000000000C /* Debug */ = {
			isa = XCBuildConfiguration;
			buildSettings = {
				APPLICATION_EXTENSION_API_ONLY = YES;
				CODE_SIGN_ENTITLEMENTS = CalendarWidget/CalendarWidget.entitlements;
				CODE_SIGN_STYLE = Automatic;
				CURRENT_PROJECT_VERSION = 1;
				DEVELOPMENT_TEAM = 8293TNMX6S;
				ENABLE_PREVIEWS = YES;
				GENERATE_INFOPLIST_FILE = NO;
				INFOPLIST_FILE = CalendarWidget/Info.plist;
				INFOPLIST_KEY_CFBundleDisplayName = "Cloud Calendars";
				IPHONEOS_DEPLOYMENT_TARGET = 18.0;
				LD_RUNPATH_SEARCH_PATHS = (
					"$(inherited)",
					"@executable_path/Frameworks",
					"@executable_path/../../Frameworks",
				);
				MARKETING_VERSION = 1.5.7;
				PRODUCT_BUNDLE_IDENTIFIER = Deksan.CalendarASD.CalendarWidget;
				PRODUCT_NAME = "$(TARGET_NAME)";
				SKIP_INSTALL = YES;
				SUPPORTED_PLATFORMS = "iphoneos iphonesimulator";
				SUPPORTS_MACCATALYST = NO;
				SUPPORTS_MAC_DESIGNED_FOR_IPHONE_IPAD = NO;
				SUPPORTS_XR_DESIGNED_FOR_IPHONE_IPAD = NO;
				SWIFT_EMIT_LOC_STRINGS = YES;
				SWIFT_VERSION = 6.0;
				TARGETED_DEVICE_FAMILY = "1,2";
			};
			name = Debug;
		};
		50E0000D2DE900000000000D /* Release */ = {
			isa = XCBuildConfiguration;
			buildSettings = {
				APPLICATION_EXTENSION_API_ONLY = YES;
				CODE_SIGN_ENTITLEMENTS = CalendarWidget/CalendarWidget.entitlements;
				CODE_SIGN_STYLE = Automatic;
				CURRENT_PROJECT_VERSION = 1;
				DEVELOPMENT_TEAM = 8293TNMX6S;
				ENABLE_PREVIEWS = YES;
				GENERATE_INFOPLIST_FILE = NO;
				INFOPLIST_FILE = CalendarWidget/Info.plist;
				INFOPLIST_KEY_CFBundleDisplayName = "Cloud Calendars";
				IPHONEOS_DEPLOYMENT_TARGET = 18.0;
				LD_RUNPATH_SEARCH_PATHS = (
					"$(inherited)",
					"@executable_path/Frameworks",
					"@executable_path/../../Frameworks",
				);
				MARKETING_VERSION = 1.5.7;
				PRODUCT_BUNDLE_IDENTIFIER = Deksan.CalendarASD.CalendarWidget;
				PRODUCT_NAME = "$(TARGET_NAME)";
				SKIP_INSTALL = YES;
				SUPPORTED_PLATFORMS = "iphoneos iphonesimulator";
				SUPPORTS_MACCATALYST = NO;
				SUPPORTS_MAC_DESIGNED_FOR_IPHONE_IPAD = NO;
				SUPPORTS_XR_DESIGNED_FOR_IPHONE_IPAD = NO;
				SWIFT_EMIT_LOC_STRINGS = YES;
				SWIFT_VERSION = 6.0;
				TARGETED_DEVICE_FAMILY = "1,2";
			};
			name = Release;
		};
/* End XCBuildConfiguration section */

/* Begin XCConfigurationList section */
		50B212462D4111B800ABB8D3 /* Build configuration list for PBXProject "Cloud Calendars for Google, Microsoft and iCloud" */ = {
			isa = XCConfigurationList;
			buildConfigurations = (
				50B212572D4111BA00ABB8D3 /* Debug */,
				50B212582D4111BA00ABB8D3 /* Release */,
			);
			defaultConfigurationIsVisible = 0;
			defaultConfigurationName = Release;
		};
		50B212592D4111BA00ABB8D3 /* Build configuration list for PBXNativeTarget "Cloud Calendars for Google, Microsoft and iCloud" */ = {
			isa = XCConfigurationList;
			buildConfigurations = (
				50B2125A2D4111BA00ABB8D3 /* Debug */,
				50B2125B2D4111BA00ABB8D3 /* Release */,
			);
			defaultConfigurationIsVisible = 0;
			defaultConfigurationName = Release;
		};
		50E0000E2DE900000000000E /* Build configuration list for PBXNativeTarget "CalendarWidget" */ = {
			isa = XCConfigurationList;
			buildConfigurations = (
				50E0000C2DE900000000000C /* Debug */,
				50E0000D2DE900000000000D /* Release */,
			);
			defaultConfigurationIsVisible = 0;
			defaultConfigurationName = Release;
		};
/* End XCConfigurationList section */

/* Begin XCRemoteSwiftPackageReference section */
		50964E852DE85D4200564845 /* XCRemoteSwiftPackageReference "swift-package-manager-google-mobile-ads" */ = {
			isa = XCRemoteSwiftPackageReference;
			repositoryURL = "https://github.com/googleads/swift-package-manager-google-mobile-ads.git";
			requirement = {
				kind = upToNextMajorVersion;
				minimumVersion = 12.5.0;
			};
		};
		50D829882D886BBD004B3545 /* XCRemoteSwiftPackageReference "GoogleSignIn-iOS" */ = {
			isa = XCRemoteSwiftPackageReference;
			repositoryURL = "https://github.com/google/GoogleSignIn-iOS";
			requirement = {
				kind = upToNextMajorVersion;
				minimumVersion = 8.0.0;
			};
		};
		50D82EE52D92C681004B3545 /* XCRemoteSwiftPackageReference "microsoft-authentication-library-for-objc" */ = {
			isa = XCRemoteSwiftPackageReference;
			repositoryURL = "https://github.com/AzureAD/microsoft-authentication-library-for-objc";
			requirement = {
				kind = upToNextMajorVersion;
				minimumVersion = 1.8.0;
			};
		};
/* End XCRemoteSwiftPackageReference section */

/* Begin XCSwiftPackageProductDependency section */
		50964E862DE85D4200564845 /* GoogleMobileAds */ = {
			isa = XCSwiftPackageProductDependency;
			package = 50964E852DE85D4200564845 /* XCRemoteSwiftPackageReference "swift-package-manager-google-mobile-ads" */;
			productName = GoogleMobileAds;
		};
		50D829892D886BBD004B3545 /* GoogleSignIn */ = {
			isa = XCSwiftPackageProductDependency;
			package = 50D829882D886BBD004B3545 /* XCRemoteSwiftPackageReference "GoogleSignIn-iOS" */;
			productName = GoogleSignIn;
		};
		50D8298B2D886BBD004B3545 /* GoogleSignInSwift */ = {
			isa = XCSwiftPackageProductDependency;
			package = 50D829882D886BBD004B3545 /* XCRemoteSwiftPackageReference "GoogleSignIn-iOS" */;
			productName = GoogleSignInSwift;
		};
		50D82EE62D92C681004B3545 /* MSAL */ = {
			isa = XCSwiftPackageProductDependency;
			package = 50D82EE52D92C681004B3545 /* XCRemoteSwiftPackageReference "microsoft-authentication-library-for-objc" */;
			productName = MSAL;
		};
/* End XCSwiftPackageProductDependency section */
	};
	rootObject = 50B212432D4111B800ABB8D3 /* Project object */;
}
